// !$*UTF8*$!
{
	archiveVersion = 1;
	classes = {
	};
	objectVersion = 51;
	objects = {

/* Begin PBXBuildFile section */
		503D9981FA2799D457C63457 /* Pods_iOS.framework in Frameworks */ = {isa = PBXBuildFile; fileRef = 803CC609ECF3117193A0806D /* Pods_iOS.framework */; };
		67FE545E2445570E00931383 /* AppDelegate.m in Sources */ = {isa = PBXBuildFile; fileRef = 67FE545D2445570E00931383 /* AppDelegate.m */; };
		67FE54672445570E00931383 /* Main.storyboard in Resources */ = {isa = PBXBuildFile; fileRef = 67FE54652445570E00931383 /* Main.storyboard */; };
		67FE54692445571000931383 /* Assets.xcassets in Resources */ = {isa = PBXBuildFile; fileRef = 67FE54682445571000931383 /* Assets.xcassets */; };
		67FE546C2445571000931383 /* LaunchScreen.storyboard in Resources */ = {isa = PBXBuildFile; fileRef = 67FE546A2445571000931383 /* LaunchScreen.storyboard */; };
		67FE546F2445571000931383 /* main.m in Sources */ = {isa = PBXBuildFile; fileRef = 67FE546E2445571000931383 /* main.m */; };
		67FE547D2445614E00931383 /* UIViewControllerDemo.xib in Resources */ = {isa = PBXBuildFile; fileRef = 67FE54772445614D00931383 /* UIViewControllerDemo.xib */; };
		67FE547F2445614E00931383 /* PlatformRouterImp.m in Sources */ = {isa = PBXBuildFile; fileRef = 67FE547B2445614D00931383 /* PlatformRouterImp.m */; };
		67FE54802445614E00931383 /* UIViewControllerDemo.m in Sources */ = {isa = PBXBuildFile; fileRef = 67FE547C2445614D00931383 /* UIViewControllerDemo.m */; };
/* End PBXBuildFile section */

/* Begin PBXFileReference section */
		2667B996E239172079DCD1E6 /* Pods-iOS.release.xcconfig */ = {isa = PBXFileReference; includeInIndex = 1; lastKnownFileType = text.xcconfig; name = "Pods-iOS.release.xcconfig"; path = "Target Support Files/Pods-iOS/Pods-iOS.release.xcconfig"; sourceTree = "<group>"; };
		67FE54592445570E00931383 /* iOS.app */ = {isa = PBXFileReference; explicitFileType = wrapper.application; includeInIndex = 0; path = iOS.app; sourceTree = BUILT_PRODUCTS_DIR; };
		67FE545C2445570E00931383 /* AppDelegate.h */ = {isa = PBXFileReference; lastKnownFileType = sourcecode.c.h; path = AppDelegate.h; sourceTree = "<group>"; };
		67FE545D2445570E00931383 /* AppDelegate.m */ = {isa = PBXFileReference; lastKnownFileType = sourcecode.c.objc; path = AppDelegate.m; sourceTree = "<group>"; };
		67FE54662445570E00931383 /* Base */ = {isa = PBXFileReference; lastKnownFileType = file.storyboard; name = Base; path = Base.lproj/Main.storyboard; sourceTree = "<group>"; };
		67FE54682445571000931383 /* Assets.xcassets */ = {isa = PBXFileReference; lastKnownFileType = folder.assetcatalog; path = Assets.xcassets; sourceTree = "<group>"; };
		67FE546B2445571000931383 /* Base */ = {isa = PBXFileReference; lastKnownFileType = file.storyboard; name = Base; path = Base.lproj/LaunchScreen.storyboard; sourceTree = "<group>"; };
		67FE546D2445571000931383 /* Info.plist */ = {isa = PBXFileReference; lastKnownFileType = text.plist.xml; path = Info.plist; sourceTree = "<group>"; };
		67FE546E2445571000931383 /* main.m */ = {isa = PBXFileReference; lastKnownFileType = sourcecode.c.objc; path = main.m; sourceTree = "<group>"; };
		67FE54772445614D00931383 /* UIViewControllerDemo.xib */ = {isa = PBXFileReference; fileEncoding = 4; lastKnownFileType = file.xib; path = UIViewControllerDemo.xib; sourceTree = "<group>"; };
		67FE54782445614D00931383 /* PlatformRouterImp.h */ = {isa = PBXFileReference; fileEncoding = 4; lastKnownFileType = sourcecode.c.h; path = PlatformRouterImp.h; sourceTree = "<group>"; };
		67FE547A2445614D00931383 /* UIViewControllerDemo.h */ = {isa = PBXFileReference; fileEncoding = 4; lastKnownFileType = sourcecode.c.h; path = UIViewControllerDemo.h; sourceTree = "<group>"; };
		67FE547B2445614D00931383 /* PlatformRouterImp.m */ = {isa = PBXFileReference; fileEncoding = 4; lastKnownFileType = sourcecode.c.objc; path = PlatformRouterImp.m; sourceTree = "<group>"; };
		67FE547C2445614D00931383 /* UIViewControllerDemo.m */ = {isa = PBXFileReference; fileEncoding = 4; lastKnownFileType = sourcecode.c.objc; path = UIViewControllerDemo.m; sourceTree = "<group>"; };
		718C6B02DA9F03782FD0CE51 /* Pods-iOS.debug.xcconfig */ = {isa = PBXFileReference; includeInIndex = 1; lastKnownFileType = text.xcconfig; name = "Pods-iOS.debug.xcconfig"; path = "Target Support Files/Pods-iOS/Pods-iOS.debug.xcconfig"; sourceTree = "<group>"; };
		803CC609ECF3117193A0806D /* Pods_iOS.framework */ = {isa = PBXFileReference; explicitFileType = wrapper.framework; includeInIndex = 0; path = Pods_iOS.framework; sourceTree = BUILT_PRODUCTS_DIR; };
/* End PBXFileReference section */

/* Begin PBXFrameworksBuildPhase section */
		67FE54562445570E00931383 /* Frameworks */ = {
			isa = PBXFrameworksBuildPhase;
			buildActionMask = 2147483647;
			files = (
				503D9981FA2799D457C63457 /* Pods_iOS.framework in Frameworks */,
			);
			runOnlyForDeploymentPostprocessing = 0;
		};
/* End PBXFrameworksBuildPhase section */

/* Begin PBXGroup section */
		67FE54502445570E00931383 = {
			isa = PBXGroup;
			children = (
				67FE545B2445570E00931383 /* iOS */,
				67FE545A2445570E00931383 /* Products */,
				B1B95CC16E5829057FFFC21E /* Pods */,
				79434B7FCDCB50317572096D /* Frameworks */,
			);
			sourceTree = "<group>";
		};
		67FE545A2445570E00931383 /* Products */ = {
			isa = PBXGroup;
			children = (
				67FE54592445570E00931383 /* iOS.app */,
			);
			name = Products;
			sourceTree = "<group>";
		};
		67FE545B2445570E00931383 /* iOS */ = {
			isa = PBXGroup;
			children = (
				67FE545C2445570E00931383 /* AppDelegate.h */,
				67FE545D2445570E00931383 /* AppDelegate.m */,
				67FE54652445570E00931383 /* Main.storyboard */,
				67FE54682445571000931383 /* Assets.xcassets */,
				67FE546A2445571000931383 /* LaunchScreen.storyboard */,
				67FE546D2445571000931383 /* Info.plist */,
				67FE546E2445571000931383 /* main.m */,
				67FE54782445614D00931383 /* PlatformRouterImp.h */,
				67FE547B2445614D00931383 /* PlatformRouterImp.m */,
				67FE547A2445614D00931383 /* UIViewControllerDemo.h */,
				67FE547C2445614D00931383 /* UIViewControllerDemo.m */,
				67FE54772445614D00931383 /* UIViewControllerDemo.xib */,
			);
			path = iOS;
			sourceTree = "<group>";
		};
		79434B7FCDCB50317572096D /* Frameworks */ = {
			isa = PBXGroup;
			children = (
				803CC609ECF3117193A0806D /* Pods_iOS.framework */,
			);
			name = Frameworks;
			sourceTree = "<group>";
		};
		B1B95CC16E5829057FFFC21E /* Pods */ = {
			isa = PBXGroup;
			children = (
				718C6B02DA9F03782FD0CE51 /* Pods-iOS.debug.xcconfig */,
				2667B996E239172079DCD1E6 /* Pods-iOS.release.xcconfig */,
			);
			path = Pods;
			sourceTree = "<group>";
		};
/* End PBXGroup section */

/* Begin PBXNativeTarget section */
		67FE54582445570E00931383 /* iOS */ = {
			isa = PBXNativeTarget;
			buildConfigurationList = 67FE54722445571000931383 /* Build configuration list for PBXNativeTarget "iOS" */;
			buildPhases = (
				C188D8A9F9B03176999125D9 /* [CP] Check Pods Manifest.lock */,
				4B2D026682BCBAA3B01DA8BD /* [CP-User] Run Flutter Build Script */,
				67FE54552445570E00931383 /* Sources */,
				67FE54562445570E00931383 /* Frameworks */,
				67FE54572445570E00931383 /* Resources */,
				4D8D470BF749109D179F5D62 /* [CP] Embed Pods Frameworks */,
			);
			buildRules = (
			);
			dependencies = (
			);
			name = iOS;
			productName = iOS;
			productReference = 67FE54592445570E00931383 /* iOS.app */;
			productType = "com.apple.product-type.application";
		};
/* End PBXNativeTarget section */

/* Begin PBXProject section */
		67FE54512445570E00931383 /* Project object */ = {
			isa = PBXProject;
			attributes = {
				LastUpgradeCheck = 1130;
				ORGANIZATIONNAME = "邱俊荣";
				TargetAttributes = {
					67FE54582445570E00931383 = {
						CreatedOnToolsVersion = 11.3.1;
					};
				};
			};
			buildConfigurationList = 67FE54542445570E00931383 /* Build configuration list for PBXProject "iOS" */;
			compatibilityVersion = "Xcode 9.3";
			developmentRegion = en;
			hasScannedForEncodings = 0;
			knownRegions = (
				en,
				Base,
			);
			mainGroup = 67FE54502445570E00931383;
			productRefGroup = 67FE545A2445570E00931383 /* Products */;
			projectDirPath = "";
			projectRoot = "";
			targets = (
				67FE54582445570E00931383 /* iOS */,
			);
		};
/* End PBXProject section */

/* Begin PBXResourcesBuildPhase section */
		67FE54572445570E00931383 /* Resources */ = {
			isa = PBXResourcesBuildPhase;
			buildActionMask = 2147483647;
			files = (
				67FE546C2445571000931383 /* LaunchScreen.storyboard in Resources */,
				67FE54692445571000931383 /* Assets.xcassets in Resources */,
				67FE54672445570E00931383 /* Main.storyboard in Resources */,
				67FE547D2445614E00931383 /* UIViewControllerDemo.xib in Resources */,
			);
			runOnlyForDeploymentPostprocessing = 0;
		};
/* End PBXResourcesBuildPhase section */

/* Begin PBXShellScriptBuildPhase section */
		4B2D026682BCBAA3B01DA8BD /* [CP-User] Run Flutter Build Script */ = {
			isa = PBXShellScriptBuildPhase;
			buildActionMask = 2147483647;
			files = (
			);
			inputPaths = (
				"${SRCROOT}/../flutter_module/.metadata",
				"${SRCROOT}/../flutter_module/.ios/Flutter/App.framework/App",
				"${SRCROOT}/../flutter_module/.ios/Flutter/engine/Flutter.framework/Flutter",
				"${SRCROOT}/../flutter_module/.ios/Flutter/flutter_export_environment.sh",
			);
			name = "[CP-User] Run Flutter Build Script";
			runOnlyForDeploymentPostprocessing = 0;
			shellPath = /bin/sh;
			shellScript = "set -e\nset -u\nsource \"${SRCROOT}/../flutter_module/.ios/Flutter/flutter_export_environment.sh\"\n\"$FLUTTER_ROOT\"/packages/flutter_tools/bin/xcode_backend.sh build\n";
		};
		4D8D470BF749109D179F5D62 /* [CP] Embed Pods Frameworks */ = {
			isa = PBXShellScriptBuildPhase;
			buildActionMask = 2147483647;
			files = (
			);
			inputFileListPaths = (
				"${PODS_ROOT}/Target Support Files/Pods-iOS/Pods-iOS-frameworks-${CONFIGURATION}-input-files.xcfilelist",
			);
			name = "[CP] Embed Pods Frameworks";
			outputFileListPaths = (
				"${PODS_ROOT}/Target Support Files/Pods-iOS/Pods-iOS-frameworks-${CONFIGURATION}-output-files.xcfilelist",
			);
			runOnlyForDeploymentPostprocessing = 0;
			shellPath = /bin/sh;
			shellScript = "\"${PODS_ROOT}/Target Support Files/Pods-iOS/Pods-iOS-frameworks.sh\"\n";
			showEnvVarsInLog = 0;
		};
		C188D8A9F9B03176999125D9 /* [CP] Check Pods Manifest.lock */ = {
			isa = PBXShellScriptBuildPhase;
			buildActionMask = 2147483647;
			files = (
			);
			inputFileListPaths = (
			);
			inputPaths = (
				"${PODS_PODFILE_DIR_PATH}/Podfile.lock",
				"${PODS_ROOT}/Manifest.lock",
			);
			name = "[CP] Check Pods Manifest.lock";
			outputFileListPaths = (
			);
			outputPaths = (
				"$(DERIVED_FILE_DIR)/Pods-iOS-checkManifestLockResult.txt",
			);
			runOnlyForDeploymentPostprocessing = 0;
			shellPath = /bin/sh;
			shellScript = "diff \"${PODS_PODFILE_DIR_PATH}/Podfile.lock\" \"${PODS_ROOT}/Manifest.lock\" > /dev/null\nif [ $? != 0 ] ; then\n    # print error to STDERR\n    echo \"error: The sandbox is not in sync with the Podfile.lock. Run 'pod install' or update your CocoaPods installation.\" >&2\n    exit 1\nfi\n# This output is used by Xcode 'outputs' to avoid re-running this script phase.\necho \"SUCCESS\" > \"${SCRIPT_OUTPUT_FILE_0}\"\n";
			showEnvVarsInLog = 0;
		};
/* End PBXShellScriptBuildPhase section */

/* Begin PBXSourcesBuildPhase section */
		67FE54552445570E00931383 /* Sources */ = {
			isa = PBXSourcesBuildPhase;
			buildActionMask = 2147483647;
			files = (
				67FE545E2445570E00931383 /* AppDelegate.m in Sources */,
				67FE546F2445571000931383 /* main.m in Sources */,
				67FE54802445614E00931383 /* UIViewControllerDemo.m in Sources */,
				67FE547F2445614E00931383 /* PlatformRouterImp.m in Sources */,
			);
			runOnlyForDeploymentPostprocessing = 0;
		};
/* End PBXSourcesBuildPhase section */

/* Begin PBXVariantGroup section */
		67FE54652445570E00931383 /* Main.storyboard */ = {
			isa = PBXVariantGroup;
			children = (
				67FE54662445570E00931383 /* Base */,
			);
			name = Main.storyboard;
			sourceTree = "<group>";
		};
		67FE546A2445571000931383 /* LaunchScreen.storyboard */ = {
			isa = PBXVariantGroup;
			children = (
				67FE546B2445571000931383 /* Base */,
			);
			name = LaunchScreen.storyboard;
			sourceTree = "<group>";
		};
/* End PBXVariantGroup section */

/* Begin XCBuildConfiguration section */
		67FE54702445571000931383 /* Debug */ = {
			isa = XCBuildConfiguration;
			buildSettings = {
				ALWAYS_SEARCH_USER_PATHS = NO;
				CLANG_ANALYZER_NONNULL = YES;
				CLANG_ANALYZER_NUMBER_OBJECT_CONVERSION = YES_AGGRESSIVE;
				CLANG_CXX_LANGUAGE_STANDARD = "gnu++14";
				CLANG_CXX_LIBRARY = "libc++";
				CLANG_ENABLE_MODULES = YES;
				CLANG_ENABLE_OBJC_ARC = YES;
				CLANG_ENABLE_OBJC_WEAK = YES;
				CLANG_WARN_BLOCK_CAPTURE_AUTORELEASING = YES;
				CLANG_WARN_BOOL_CONVERSION = YES;
				CLANG_WARN_COMMA = YES;
				CLANG_WARN_CONSTANT_CONVERSION = YES;
				CLANG_WARN_DEPRECATED_OBJC_IMPLEMENTATIONS = YES;
				CLANG_WARN_DIRECT_OBJC_ISA_USAGE = YES_ERROR;
				CLANG_WARN_DOCUMENTATION_COMMENTS = YES;
				CLANG_WARN_EMPTY_BODY = YES;
				CLANG_WARN_ENUM_CONVERSION = YES;
				CLANG_WARN_INFINITE_RECURSION = YES;
				CLANG_WARN_INT_CONVERSION = YES;
				CLANG_WARN_NON_LITERAL_NULL_CONVERSION = YES;
				CLANG_WARN_OBJC_IMPLICIT_RETAIN_SELF = YES;
				CLANG_WARN_OBJC_LITERAL_CONVERSION = YES;
				CLANG_WARN_OBJC_ROOT_CLASS = YES_ERROR;
				CLANG_WARN_RANGE_LOOP_ANALYSIS = YES;
				CLANG_WARN_STRICT_PROTOTYPES = YES;
				CLANG_WARN_SUSPICIOUS_MOVE = YES;
				CLANG_WARN_UNGUARDED_AVAILABILITY = YES_AGGRESSIVE;
				CLANG_WARN_UNREACHABLE_CODE = YES;
				CLANG_WARN__DUPLICATE_METHOD_MATCH = YES;
				COPY_PHASE_STRIP = NO;
				DEBUG_INFORMATION_FORMAT = dwarf;
				ENABLE_STRICT_OBJC_MSGSEND = YES;
				ENABLE_TESTABILITY = YES;
				GCC_C_LANGUAGE_STANDARD = gnu11;
				GCC_DYNAMIC_NO_PIC = NO;
				GCC_NO_COMMON_BLOCKS = YES;
				GCC_OPTIMIZATION_LEVEL = 0;
				GCC_PREPROCESSOR_DEFINITIONS = (
					"DEBUG=1",
					"$(inherited)",
				);
				GCC_WARN_64_TO_32_BIT_CONVERSION = YES;
				GCC_WARN_ABOUT_RETURN_TYPE = YES_ERROR;
				GCC_WARN_UNDECLARED_SELECTOR = YES;
				GCC_WARN_UNINITIALIZED_AUTOS = YES_AGGRESSIVE;
				GCC_WARN_UNUSED_FUNCTION = YES;
				GCC_WARN_UNUSED_VARIABLE = YES;
				IPHONEOS_DEPLOYMENT_TARGET = 13.2;
				MTL_ENABLE_DEBUG_INFO = INCLUDE_SOURCE;
				MTL_FAST_MATH = YES;
				ONLY_ACTIVE_ARCH = YES;
				SDKROOT = iphoneos;
			};
			name = Debug;
		};
		67FE54712445571000931383 /* Release */ = {
			isa = XCBuildConfiguration;
			buildSettings = {
				ALWAYS_SEARCH_USER_PATHS = NO;
				CLANG_ANALYZER_NONNULL = YES;
				CLANG_ANALYZER_NUMBER_OBJECT_CONVERSION = YES_AGGRESSIVE;
				CLANG_CXX_LANGUAGE_STANDARD = "gnu++14";
				CLANG_CXX_LIBRARY = "libc++";
				CLANG_ENABLE_MODULES = YES;
				CLANG_ENABLE_OBJC_ARC = YES;
				CLANG_ENABLE_OBJC_WEAK = YES;
				CLANG_WARN_BLOCK_CAPTURE_AUTORELEASING = YES;
				CLANG_WARN_BOOL_CONVERSION = YES;
				CLANG_WARN_COMMA = YES;
				CLANG_WARN_CONSTANT_CONVERSION = YES;
				CLANG_WARN_DEPRECATED_OBJC_IMPLEMENTATIONS = YES;
				CLANG_WARN_DIRECT_OBJC_ISA_USAGE = YES_ERROR;
				CLANG_WARN_DOCUMENTATION_COMMENTS = YES;
				CLANG_WARN_EMPTY_BODY = YES;
				CLANG_WARN_ENUM_CONVERSION = YES;
				CLANG_WARN_INFINITE_RECURSION = YES;
				CLANG_WARN_INT_CONVERSION = YES;
				CLANG_WARN_NON_LITERAL_NULL_CONVERSION = YES;
				CLANG_WARN_OBJC_IMPLICIT_RETAIN_SELF = YES;
				CLANG_WARN_OBJC_LITERAL_CONVERSION = YES;
				CLANG_WARN_OBJC_ROOT_CLASS = YES_ERROR;
				CLANG_WARN_RANGE_LOOP_ANALYSIS = YES;
				CLANG_WARN_STRICT_PROTOTYPES = YES;
				CLANG_WARN_SUSPICIOUS_MOVE = YES;
				CLANG_WARN_UNGUARDED_AVAILABILITY = YES_AGGRESSIVE;
				CLANG_WARN_UNREACHABLE_CODE = YES;
				CLANG_WARN__DUPLICATE_METHOD_MATCH = YES;
				COPY_PHASE_STRIP = NO;
				DEBUG_INFORMATION_FORMAT = "dwarf-with-dsym";
				ENABLE_NS_ASSERTIONS = NO;
				ENABLE_STRICT_OBJC_MSGSEND = YES;
				GCC_C_LANGUAGE_STANDARD = gnu11;
				GCC_NO_COMMON_BLOCKS = YES;
				GCC_WARN_64_TO_32_BIT_CONVERSION = YES;
				GCC_WARN_ABOUT_RETURN_TYPE = YES_ERROR;
				GCC_WARN_UNDECLARED_SELECTOR = YES;
				GCC_WARN_UNINITIALIZED_AUTOS = YES_AGGRESSIVE;
				GCC_WARN_UNUSED_FUNCTION = YES;
				GCC_WARN_UNUSED_VARIABLE = YES;
				IPHONEOS_DEPLOYMENT_TARGET = 13.2;
				MTL_ENABLE_DEBUG_INFO = NO;
				MTL_FAST_MATH = YES;
				SDKROOT = iphoneos;
				VALIDATE_PRODUCT = YES;
			};
			name = Release;
		};
		67FE54732445571000931383 /* Debug */ = {
			isa = XCBuildConfiguration;
			baseConfigurationReference = 718C6B02DA9F03782FD0CE51 /* Pods-iOS.debug.xcconfig */;
			buildSettings = {
				ASSETCATALOG_COMPILER_APPICON_NAME = AppIcon;
				CODE_SIGN_STYLE = Automatic;
				DEVELOPMENT_TEAM = 3UN5JG2XNU;
				ENABLE_BITCODE = NO;
				INFOPLIST_FILE = iOS/Info.plist;
				IPHONEOS_DEPLOYMENT_TARGET = 10.0;
				LD_RUNPATH_SEARCH_PATHS = (
					"$(inherited)",
					"@executable_path/Frameworks",
				);
				PRODUCT_BUNDLE_IDENTIFIER = qiujr.iOS;
				PRODUCT_NAME = "$(TARGET_NAME)";
				TARGETED_DEVICE_FAMILY = "1,2";
			};
			name = Debug;
		};
		67FE54742445571000931383 /* Release */ = {
			isa = XCBuildConfiguration;
			baseConfigurationReference = 2667B996E239172079DCD1E6 /* Pods-iOS.release.xcconfig */;
			buildSettings = {
				ASSETCATALOG_COMPILER_APPICON_NAME = AppIcon;
				CODE_SIGN_STYLE = Automatic;
				DEVELOPMENT_TEAM = 3UN5JG2XNU;
				ENABLE_BITCODE = NO;
				INFOPLIST_FILE = iOS/Info.plist;
				IPHONEOS_DEPLOYMENT_TARGET = 10.0;
				LD_RUNPATH_SEARCH_PATHS = (
					"$(inherited)",
					"@executable_path/Frameworks",
				);
				PRODUCT_BUNDLE_IDENTIFIER = qiujr.iOS;
				PRODUCT_NAME = "$(TARGET_NAME)";
				TARGETED_DEVICE_FAMILY = "1,2";
			};
			name = Release;
		};
/* End XCBuildConfiguration section */

/* Begin XCConfigurationList section */
		67FE54542445570E00931383 /* Build configuration list for PBXProject "iOS" */ = {
			isa = XCConfigurationList;
			buildConfigurations = (
				67FE54702445571000931383 /* Debug */,
				67FE54712445571000931383 /* Release */,
			);
			defaultConfigurationIsVisible = 0;
			defaultConfigurationName = Release;
		};
		67FE54722445571000931383 /* Build configuration list for PBXNativeTarget "iOS" */ = {
			isa = XCConfigurationList;
			buildConfigurations = (
				67FE54732445571000931383 /* Debug */,
				67FE54742445571000931383 /* Release */,
			);
			defaultConfigurationIsVisible = 0;
			defaultConfigurationName = Release;
		};
/* End XCConfigurationList section */
	};
	rootObject = 67FE54512445570E00931383 /* Project object */;
}
