PODS:
  - Flutter (1.0.0)
  - flutter_boost (0.0.2):
    - Flutter
  - FlutterPluginRegistrant (0.0.1):
    - Flutter
    - flutter_boost

DEPENDENCIES:
  - Flutter (from `Flutter/engine`)
  - flutter_boost (from `Flutter/.symlinks/flutter_boost/ios`)
  - FlutterPluginRegistrant (from `Flutter/FlutterPluginRegistrant`)

EXTERNAL SOURCES:
  Flutter:
    :path: Flutter/engine
  flutter_boost:
    :path: Flutter/.symlinks/flutter_boost/ios
  FlutterPluginRegistrant:
    :path: Flutter/FlutterPluginRegistrant

SPEC CHECKSUMS:
  Flutter: 0e3d915762c693b495b44d77113d4970485de6ec
  flutter_boost: a7cfa776b75329d5e7d101d0cd33e75042bcde69
  FlutterPluginRegistrant: 717df6b322c7d500c17eeff54284c74ed5410c7b

PODFILE CHECKSUM: d61eac89252e2d934ab83557650d42604c0b7f7c

COCOAPODS: 1.9.1
